
Microsoft Visual Studio Solution File, Format Version 12.00
# Visual Studio Version 16
VisualStudioVersion = 16.0.30523.141
MinimumVisualStudioVersion = 10.0.40219.1
Project("{FAE04EC0-301F-11D3-BF4B-00C04F79EFBC}") = "CA201116", "CA201116.csproj", "{B110B22D-0925-4160-8CA2-0B9009BB7AD2}"
EndProject
Global
	GlobalSection(SolutionConfigurationPlatforms) = preSolution
		Debug|Any CPU = Debug|Any CPU
		Release|Any CPU = Release|Any CPU
	EndGlobalSection
	GlobalSection(ProjectConfigurationPlatforms) = postSolution
		{B110B22D-0925-4160-8CA2-0B9009BB7AD2}.Debug|Any CPU.ActiveCfg = Debug|Any CPU
		{B110B22D-0925-4160-8CA2-0B9009BB7AD2}.Debug|Any CPU.Build.0 = Debug|Any CPU
		{B110B22D-0925-4160-8CA2-0B9009BB7AD2}.Release|Any CPU.ActiveCfg = Release|Any CPU
		{B110B22D-0925-4160-8CA2-0B9009BB7AD2}.Release|Any CPU.Build.0 = Release|Any CPU
	EndGlobalSection
	GlobalSection(SolutionProperties) = preSolution
		HideSolutionNode = FALSE
	EndGlobalSection
	GlobalSection(ExtensibilityGlobals) = postSolution
		SolutionGuid = {748D6F64-91AC-415D-ADD1-3AAE24BE8959}
	EndGlobalSection
EndGlobal
